
Microsoft Visual Studio Solution File, Format Version 12.00
# Visual Studio 15
VisualStudioVersion = 15.0.26730.16
MinimumVisualStudioVersion = 10.0.40219.1
Project("{151D2E53-A2C4-4D7D-83FE-D05416EBD58E}") = "DomainControllers", "DomainControllers\DomainControllers.deployproj", "{0B5FAFC6-B5EA-470B-8578-5424A214B484}"
EndProject
Global
	GlobalSection(SolutionConfigurationPlatforms) = preSolution
		Debug|Any CPU = Debug|Any CPU
		Release|Any CPU = Release|Any CPU
	EndGlobalSection
	GlobalSection(ProjectConfigurationPlatforms) = postSolution
		{0B5FAFC6-B5EA-470B-8578-5424A214B484}.Debug|Any CPU.ActiveCfg = Debug|Any CPU
		{0B5FAFC6-B5EA-470B-8578-5424A214B484}.Debug|Any CPU.Build.0 = Debug|Any CPU
		{0B5FAFC6-B5EA-470B-8578-5424A214B484}.Release|Any CPU.ActiveCfg = Release|Any CPU
		{0B5FAFC6-B5EA-470B-8578-5424A214B484}.Release|Any CPU.Build.0 = Release|Any CPU
	EndGlobalSection
	GlobalSection(SolutionProperties) = preSolution
		HideSolutionNode = FALSE
	EndGlobalSection
	GlobalSection(ExtensibilityGlobals) = postSolution
		SolutionGuid = {C2B67FF2-9E7A-48E1-BB1D-D1E51EB39DFC}
	EndGlobalSection
EndGlobal
